
Microsoft Visual Studio Solution File, Format Version 12.00
# Visual Studio Version 17
VisualStudioVersion = 17.6.33815.320
MinimumVisualStudioVersion = 10.0.40219.1
Project("{FAE04EC0-301F-11D3-BF4B-00C04F79EFBC}") = "FirstBlazorApp", "FirstBlazorApp\FirstBlazorApp.csproj", "{483E55B4-A1B7-4E07-BF8D-95A97301A612}"
EndProject
Global
	GlobalSection(SolutionConfigurationPlatforms) = preSolution
		Debug|Any CPU = Debug|Any CPU
		Release|Any CPU = Release|Any CPU
	EndGlobalSection
	GlobalSection(ProjectConfigurationPlatforms) = postSolution
		{483E55B4-A1B7-4E07-BF8D-95A97301A612}.Debug|Any CPU.ActiveCfg = Debug|Any CPU
		{483E55B4-A1B7-4E07-BF8D-95A97301A612}.Debug|Any CPU.Build.0 = Debug|Any CPU
		{483E55B4-A1B7-4E07-BF8D-95A97301A612}.Release|Any CPU.ActiveCfg = Release|Any CPU
		{483E55B4-A1B7-4E07-BF8D-95A97301A612}.Release|Any CPU.Build.0 = Release|Any CPU
	EndGlobalSection
	GlobalSection(SolutionProperties) = preSolution
		HideSolutionNode = FALSE
	EndGlobalSection
	GlobalSection(ExtensibilityGlobals) = postSolution
		SolutionGuid = {58341790-9E04-4B65-A606-6628D4E60A3D}
	EndGlobalSection
EndGlobal
